
Microsoft Visual Studio Solution File, Format Version 12.00
# Visual Studio Version 17
VisualStudioVersion = 17.7.34202.233
MinimumVisualStudioVersion = 10.0.40219.1
Project("{FAE04EC0-301F-11D3-BF4B-00C04F79EFBC}") = "SnakeGame", "SnakeGame\SnakeGame.csproj", "{57292764-4294-438C-90D8-9F0AD56813E1}"
EndProject
Global
	GlobalSection(SolutionConfigurationPlatforms) = preSolution
		Debug|Any CPU = Debug|Any CPU
		Release|Any CPU = Release|Any CPU
	EndGlobalSection
	GlobalSection(ProjectConfigurationPlatforms) = postSolution
		{57292764-4294-438C-90D8-9F0AD56813E1}.Debug|Any CPU.ActiveCfg = Debug|Any CPU
		{57292764-4294-438C-90D8-9F0AD56813E1}.Debug|Any CPU.Build.0 = Debug|Any CPU
		{57292764-4294-438C-90D8-9F0AD56813E1}.Release|Any CPU.ActiveCfg = Release|Any CPU
		{57292764-4294-438C-90D8-9F0AD56813E1}.Release|Any CPU.Build.0 = Release|Any CPU
	EndGlobalSection
	GlobalSection(SolutionProperties) = preSolution
		HideSolutionNode = FALSE
	EndGlobalSection
	GlobalSection(ExtensibilityGlobals) = postSolution
		SolutionGuid = {4CA43174-237C-4C1F-BD57-F2814AE040E7}
	EndGlobalSection
EndGlobal
